
Microsoft Visual Studio Solution File, Format Version 12.00
# Visual Studio Version 16
VisualStudioVersion = 16.0.29102.190
MinimumVisualStudioVersion = 10.0.40219.1
Project("{FAE04EC0-301F-11D3-BF4B-00C04F79EFBC}") = "Trash", "Trash\Trash.csproj", "{486E9963-0C24-41F6-854B-741F93DDFEEC}"
EndProject
Global
	GlobalSection(SolutionConfigurationPlatforms) = preSolution
		Debug|Any CPU = Debug|Any CPU
		Release|Any CPU = Release|Any CPU
	EndGlobalSection
	GlobalSection(ProjectConfigurationPlatforms) = postSolution
		{486E9963-0C24-41F6-854B-741F93DDFEEC}.Debug|Any CPU.ActiveCfg = Debug|Any CPU
		{486E9963-0C24-41F6-854B-741F93DDFEEC}.Debug|Any CPU.Build.0 = Debug|Any CPU
		{486E9963-0C24-41F6-854B-741F93DDFEEC}.Release|Any CPU.ActiveCfg = Release|Any CPU
		{486E9963-0C24-41F6-854B-741F93DDFEEC}.Release|Any CPU.Build.0 = Release|Any CPU
	EndGlobalSection
	GlobalSection(SolutionProperties) = preSolution
		HideSolutionNode = FALSE
	EndGlobalSection
	GlobalSection(ExtensibilityGlobals) = postSolution
		SolutionGuid = {7E2FADDF-90D9-43AE-9B7B-90BC8C5B88D6}
	EndGlobalSection
EndGlobal
